
Microsoft Visual Studio Solution File, Format Version 11.00
# Visual Studio 2010
Project("{2150E333-8FDC-42A3-9474-1A3956D46DE8}") = "Source", "Source", "{561B9395-37F0-4D71-B545-A5B7A46C4418}"
EndProject
Project("{2150E333-8FDC-42A3-9474-1A3956D46DE8}") = "Tests", "Tests", "{0A5901E6-59E4-4EFF-A13C-5A88B9AF1C26}"
EndProject
Project("{2150E333-8FDC-42A3-9474-1A3956D46DE8}") = "Example", "Example", "{62D108FB-C175-4FD4-832E-BB20276DE13A}"
EndProject
Project("{FAE04EC0-301F-11D3-BF4B-00C04F79EFBC}") = "KpNet.KdbPlusClient", "Source\KpNet.KdbPlusClient\KpNet.KdbPlusClient.csproj", "{66C3F020-63A3-4B45-B58A-3171D5482CBB}"
EndProject
Project("{FAE04EC0-301F-11D3-BF4B-00C04F79EFBC}") = "KpNet.KdbPlusClient.Tests", "Tests\KpNet.KdbPlusClient.Tests\KpNet.KdbPlusClient.Tests.csproj", "{9CAD7E2C-214D-4318-8B2A-981E7F9C10E7}"
EndProject
Project("{FAE04EC0-301F-11D3-BF4B-00C04F79EFBC}") = "Example", "Example\Example.csproj", "{4BF8573F-7950-4730-A004-602C4E8AD670}"
EndProject
Project("{FAE04EC0-301F-11D3-BF4B-00C04F79EFBC}") = "KpNet.KdbPlusClient.IntegrationTests", "Tests\KpNet.KdbPlusClient.IntegrationTests\KpNet.KdbPlusClient.IntegrationTests.csproj", "{D6B23A1F-1DBA-4413-9026-A3A2174BD201}"
EndProject
Project("{FAE04EC0-301F-11D3-BF4B-00C04F79EFBC}") = "kdbplib", "Source\kdbplib\kdbplib.csproj", "{380FCA74-8F2F-479F-B63D-2546503DA934}"
EndProject
Project("{FAE04EC0-301F-11D3-BF4B-00C04F79EFBC}") = "KpNet.Hosting", "Source\KpNet.Hosting\KpNet.Hosting.csproj", "{A9A5CE6E-6DFE-4BBF-AF50-318C9A74746D}"
EndProject
Project("{FAE04EC0-301F-11D3-BF4B-00C04F79EFBC}") = "KpNet.Common", "Source\KpNet.Common\KpNet.Common.csproj", "{84DECA5F-3F2B-46EC-99D8-06629FF32C6E}"
EndProject
Global
	GlobalSection(SolutionConfigurationPlatforms) = preSolution
		Debug|Any CPU = Debug|Any CPU
		Debug|x64 = Debug|x64
		Release|Any CPU = Release|Any CPU
		Release|x64 = Release|x64
	EndGlobalSection
	GlobalSection(ProjectConfigurationPlatforms) = postSolution
		{66C3F020-63A3-4B45-B58A-3171D5482CBB}.Debug|Any CPU.ActiveCfg = Debug|Any CPU
		{66C3F020-63A3-4B45-B58A-3171D5482CBB}.Debug|Any CPU.Build.0 = Debug|Any CPU
		{66C3F020-63A3-4B45-B58A-3171D5482CBB}.Debug|x64.ActiveCfg = Debug|x64
		{66C3F020-63A3-4B45-B58A-3171D5482CBB}.Debug|x64.Build.0 = Debug|x64
		{66C3F020-63A3-4B45-B58A-3171D5482CBB}.Release|Any CPU.ActiveCfg = Release|Any CPU
		{66C3F020-63A3-4B45-B58A-3171D5482CBB}.Release|Any CPU.Build.0 = Release|Any CPU
		{66C3F020-63A3-4B45-B58A-3171D5482CBB}.Release|x64.ActiveCfg = Release|x64
		{66C3F020-63A3-4B45-B58A-3171D5482CBB}.Release|x64.Build.0 = Release|x64
		{9CAD7E2C-214D-4318-8B2A-981E7F9C10E7}.Debug|Any CPU.ActiveCfg = Debug|Any CPU
		{9CAD7E2C-214D-4318-8B2A-981E7F9C10E7}.Debug|Any CPU.Build.0 = Debug|Any CPU
		{9CAD7E2C-214D-4318-8B2A-981E7F9C10E7}.Debug|x64.ActiveCfg = Debug|x64
		{9CAD7E2C-214D-4318-8B2A-981E7F9C10E7}.Debug|x64.Build.0 = Debug|x64
		{9CAD7E2C-214D-4318-8B2A-981E7F9C10E7}.Release|Any CPU.ActiveCfg = Release|Any CPU
		{9CAD7E2C-214D-4318-8B2A-981E7F9C10E7}.Release|Any CPU.Build.0 = Release|Any CPU
		{9CAD7E2C-214D-4318-8B2A-981E7F9C10E7}.Release|x64.ActiveCfg = Release|x64
		{9CAD7E2C-214D-4318-8B2A-981E7F9C10E7}.Release|x64.Build.0 = Release|x64
		{4BF8573F-7950-4730-A004-602C4E8AD670}.Debug|Any CPU.ActiveCfg = Debug|Any CPU
		{4BF8573F-7950-4730-A004-602C4E8AD670}.Debug|Any CPU.Build.0 = Debug|Any CPU
		{4BF8573F-7950-4730-A004-602C4E8AD670}.Debug|x64.ActiveCfg = Debug|x64
		{4BF8573F-7950-4730-A004-602C4E8AD670}.Debug|x64.Build.0 = Debug|x64
		{4BF8573F-7950-4730-A004-602C4E8AD670}.Release|Any CPU.ActiveCfg = Release|Any CPU
		{4BF8573F-7950-4730-A004-602C4E8AD670}.Release|Any CPU.Build.0 = Release|Any CPU
		{4BF8573F-7950-4730-A004-602C4E8AD670}.Release|x64.ActiveCfg = Release|x64
		{4BF8573F-7950-4730-A004-602C4E8AD670}.Release|x64.Build.0 = Release|x64
		{D6B23A1F-1DBA-4413-9026-A3A2174BD201}.Debug|Any CPU.ActiveCfg = Debug|Any CPU
		{D6B23A1F-1DBA-4413-9026-A3A2174BD201}.Debug|Any CPU.Build.0 = Debug|Any CPU
		{D6B23A1F-1DBA-4413-9026-A3A2174BD201}.Debug|x64.ActiveCfg = Debug|x64
		{D6B23A1F-1DBA-4413-9026-A3A2174BD201}.Debug|x64.Build.0 = Debug|x64
		{D6B23A1F-1DBA-4413-9026-A3A2174BD201}.Release|Any CPU.ActiveCfg = Release|Any CPU
		{D6B23A1F-1DBA-4413-9026-A3A2174BD201}.Release|Any CPU.Build.0 = Release|Any CPU
		{D6B23A1F-1DBA-4413-9026-A3A2174BD201}.Release|x64.ActiveCfg = Release|x64
		{D6B23A1F-1DBA-4413-9026-A3A2174BD201}.Release|x64.Build.0 = Release|x64
		{380FCA74-8F2F-479F-B63D-2546503DA934}.Debug|Any CPU.ActiveCfg = Debug|Any CPU
		{380FCA74-8F2F-479F-B63D-2546503DA934}.Debug|Any CPU.Build.0 = Debug|Any CPU
		{380FCA74-8F2F-479F-B63D-2546503DA934}.Debug|x64.ActiveCfg = Debug|x64
		{380FCA74-8F2F-479F-B63D-2546503DA934}.Debug|x64.Build.0 = Debug|x64
		{380FCA74-8F2F-479F-B63D-2546503DA934}.Release|Any CPU.ActiveCfg = Release|Any CPU
		{380FCA74-8F2F-479F-B63D-2546503DA934}.Release|Any CPU.Build.0 = Release|Any CPU
		{380FCA74-8F2F-479F-B63D-2546503DA934}.Release|x64.ActiveCfg = Release|x64
		{380FCA74-8F2F-479F-B63D-2546503DA934}.Release|x64.Build.0 = Release|x64
		{A9A5CE6E-6DFE-4BBF-AF50-318C9A74746D}.Debug|Any CPU.ActiveCfg = Debug|Any CPU
		{A9A5CE6E-6DFE-4BBF-AF50-318C9A74746D}.Debug|Any CPU.Build.0 = Debug|Any CPU
		{A9A5CE6E-6DFE-4BBF-AF50-318C9A74746D}.Debug|x64.ActiveCfg = Debug|Any CPU
		{A9A5CE6E-6DFE-4BBF-AF50-318C9A74746D}.Release|Any CPU.ActiveCfg = Release|Any CPU
		{A9A5CE6E-6DFE-4BBF-AF50-318C9A74746D}.Release|Any CPU.Build.0 = Release|Any CPU
		{A9A5CE6E-6DFE-4BBF-AF50-318C9A74746D}.Release|x64.ActiveCfg = Release|Any CPU
		{84DECA5F-3F2B-46EC-99D8-06629FF32C6E}.Debug|Any CPU.ActiveCfg = Debug|Any CPU
		{84DECA5F-3F2B-46EC-99D8-06629FF32C6E}.Debug|Any CPU.Build.0 = Debug|Any CPU
		{84DECA5F-3F2B-46EC-99D8-06629FF32C6E}.Debug|x64.ActiveCfg = Debug|Any CPU
		{84DECA5F-3F2B-46EC-99D8-06629FF32C6E}.Release|Any CPU.ActiveCfg = Release|Any CPU
		{84DECA5F-3F2B-46EC-99D8-06629FF32C6E}.Release|Any CPU.Build.0 = Release|Any CPU
		{84DECA5F-3F2B-46EC-99D8-06629FF32C6E}.Release|x64.ActiveCfg = Release|Any CPU
	EndGlobalSection
	GlobalSection(SolutionProperties) = preSolution
		HideSolutionNode = FALSE
	EndGlobalSection
	GlobalSection(NestedProjects) = preSolution
		{66C3F020-63A3-4B45-B58A-3171D5482CBB} = {561B9395-37F0-4D71-B545-A5B7A46C4418}
		{380FCA74-8F2F-479F-B63D-2546503DA934} = {561B9395-37F0-4D71-B545-A5B7A46C4418}
		{A9A5CE6E-6DFE-4BBF-AF50-318C9A74746D} = {561B9395-37F0-4D71-B545-A5B7A46C4418}
		{84DECA5F-3F2B-46EC-99D8-06629FF32C6E} = {561B9395-37F0-4D71-B545-A5B7A46C4418}
		{9CAD7E2C-214D-4318-8B2A-981E7F9C10E7} = {0A5901E6-59E4-4EFF-A13C-5A88B9AF1C26}
		{D6B23A1F-1DBA-4413-9026-A3A2174BD201} = {0A5901E6-59E4-4EFF-A13C-5A88B9AF1C26}
		{4BF8573F-7950-4730-A004-602C4E8AD670} = {62D108FB-C175-4FD4-832E-BB20276DE13A}
	EndGlobalSection
EndGlobal
